
Microsoft Visual Studio Solution File, Format Version 12.00
# Visual Studio 15
VisualStudioVersion = 15.0.27428.2015
MinimumVisualStudioVersion = 10.0.40219.1
Project("{FAE04EC0-301F-11D3-BF4B-00C04F79EFBC}") = "CalculadoraUWP", "CalculadoraUWP\CalculadoraUWP.csproj", "{B0BED1CA-2F07-4477-A204-F4177B6DE34D}"
EndProject
Global
	GlobalSection(SolutionConfigurationPlatforms) = preSolution
		Debug|ARM = Debug|ARM
		Debug|x64 = Debug|x64
		Debug|x86 = Debug|x86
		Release|ARM = Release|ARM
		Release|x64 = Release|x64
		Release|x86 = Release|x86
	EndGlobalSection
	GlobalSection(ProjectConfigurationPlatforms) = postSolution
		{B0BED1CA-2F07-4477-A204-F4177B6DE34D}.Debug|ARM.ActiveCfg = Debug|ARM
		{B0BED1CA-2F07-4477-A204-F4177B6DE34D}.Debug|ARM.Build.0 = Debug|ARM
		{B0BED1CA-2F07-4477-A204-F4177B6DE34D}.Debug|ARM.Deploy.0 = Debug|ARM
		{B0BED1CA-2F07-4477-A204-F4177B6DE34D}.Debug|x64.ActiveCfg = Debug|x64
		{B0BED1CA-2F07-4477-A204-F4177B6DE34D}.Debug|x64.Build.0 = Debug|x64
		{B0BED1CA-2F07-4477-A204-F4177B6DE34D}.Debug|x64.Deploy.0 = Debug|x64
		{B0BED1CA-2F07-4477-A204-F4177B6DE34D}.Debug|x86.ActiveCfg = Debug|x86
		{B0BED1CA-2F07-4477-A204-F4177B6DE34D}.Debug|x86.Build.0 = Debug|x86
		{B0BED1CA-2F07-4477-A204-F4177B6DE34D}.Debug|x86.Deploy.0 = Debug|x86
		{B0BED1CA-2F07-4477-A204-F4177B6DE34D}.Release|ARM.ActiveCfg = Release|ARM
		{B0BED1CA-2F07-4477-A204-F4177B6DE34D}.Release|ARM.Build.0 = Release|ARM
		{B0BED1CA-2F07-4477-A204-F4177B6DE34D}.Release|ARM.Deploy.0 = Release|ARM
		{B0BED1CA-2F07-4477-A204-F4177B6DE34D}.Release|x64.ActiveCfg = Release|x64
		{B0BED1CA-2F07-4477-A204-F4177B6DE34D}.Release|x64.Build.0 = Release|x64
		{B0BED1CA-2F07-4477-A204-F4177B6DE34D}.Release|x64.Deploy.0 = Release|x64
		{B0BED1CA-2F07-4477-A204-F4177B6DE34D}.Release|x86.ActiveCfg = Release|x86
		{B0BED1CA-2F07-4477-A204-F4177B6DE34D}.Release|x86.Build.0 = Release|x86
		{B0BED1CA-2F07-4477-A204-F4177B6DE34D}.Release|x86.Deploy.0 = Release|x86
	EndGlobalSection
	GlobalSection(SolutionProperties) = preSolution
		HideSolutionNode = FALSE
	EndGlobalSection
	GlobalSection(ExtensibilityGlobals) = postSolution
		SolutionGuid = {B8E9AF42-C154-4A30-A066-FF7E240BA9B5}
	EndGlobalSection
EndGlobal
